
Microsoft Visual Studio Solution File, Format Version 12.00
# Visual Studio Version 17
VisualStudioVersion = 17.12.35521.163 d17.12
MinimumVisualStudioVersion = 10.0.40219.1
Project("{FAE04EC0-301F-11D3-BF4B-00C04F79EFBC}") = "KISS", "KISS\KISS.csproj", "{8ED3647E-17AC-48EF-876D-864A63A88F2D}"
EndProject
Project("{FAE04EC0-301F-11D3-BF4B-00C04F79EFBC}") = "DRY", "DRY\DRY.csproj", "{02EDF8EB-3C00-4876-8927-B695AEE04226}"
EndProject
Project("{FAE04EC0-301F-11D3-BF4B-00C04F79EFBC}") = "YAGNI", "YAGNI\YAGNI.csproj", "{379ABBED-0EF2-4C19-A24C-D378941BC372}"
EndProject
Project("{FAE04EC0-301F-11D3-BF4B-00C04F79EFBC}") = "SOLID", "SOLID\SOLID.csproj", "{E606604B-74E8-4C97-AA9D-4CE6117A13C8}"
EndProject
Global
	GlobalSection(SolutionConfigurationPlatforms) = preSolution
		Debug|Any CPU = Debug|Any CPU
		Release|Any CPU = Release|Any CPU
	EndGlobalSection
	GlobalSection(ProjectConfigurationPlatforms) = postSolution
		{8ED3647E-17AC-48EF-876D-864A63A88F2D}.Debug|Any CPU.ActiveCfg = Debug|Any CPU
		{8ED3647E-17AC-48EF-876D-864A63A88F2D}.Debug|Any CPU.Build.0 = Debug|Any CPU
		{8ED3647E-17AC-48EF-876D-864A63A88F2D}.Release|Any CPU.ActiveCfg = Release|Any CPU
		{8ED3647E-17AC-48EF-876D-864A63A88F2D}.Release|Any CPU.Build.0 = Release|Any CPU
		{02EDF8EB-3C00-4876-8927-B695AEE04226}.Debug|Any CPU.ActiveCfg = Debug|Any CPU
		{02EDF8EB-3C00-4876-8927-B695AEE04226}.Debug|Any CPU.Build.0 = Debug|Any CPU
		{02EDF8EB-3C00-4876-8927-B695AEE04226}.Release|Any CPU.ActiveCfg = Release|Any CPU
		{02EDF8EB-3C00-4876-8927-B695AEE04226}.Release|Any CPU.Build.0 = Release|Any CPU
		{379ABBED-0EF2-4C19-A24C-D378941BC372}.Debug|Any CPU.ActiveCfg = Debug|Any CPU
		{379ABBED-0EF2-4C19-A24C-D378941BC372}.Debug|Any CPU.Build.0 = Debug|Any CPU
		{379ABBED-0EF2-4C19-A24C-D378941BC372}.Release|Any CPU.ActiveCfg = Release|Any CPU
		{379ABBED-0EF2-4C19-A24C-D378941BC372}.Release|Any CPU.Build.0 = Release|Any CPU
		{E606604B-74E8-4C97-AA9D-4CE6117A13C8}.Debug|Any CPU.ActiveCfg = Debug|Any CPU
		{E606604B-74E8-4C97-AA9D-4CE6117A13C8}.Debug|Any CPU.Build.0 = Debug|Any CPU
		{E606604B-74E8-4C97-AA9D-4CE6117A13C8}.Release|Any CPU.ActiveCfg = Release|Any CPU
		{E606604B-74E8-4C97-AA9D-4CE6117A13C8}.Release|Any CPU.Build.0 = Release|Any CPU
	EndGlobalSection
	GlobalSection(SolutionProperties) = preSolution
		HideSolutionNode = FALSE
	EndGlobalSection
EndGlobal
